# THIS IS AN AUTOGENERATED FILE. DO NOT EDIT THIS FILE DIRECTLY.
# yarn lockfile v1


"@types/node-fetch@^2.5.2":
  version "2.5.2"
  resolved "https://registry.yarnpkg.com/@types/node-fetch/-/node-fetch-2.5.2.tgz#76906dea5b3d6901e50e63e15249c9bcd6e9676e"
  integrity sha512-djYYKmdNRSBtL1x4CiE9UJb9yZhwtI1VC+UxZD0psNznrUj80ywsxKlEGAE+QL1qvLjPbfb24VosjkYM6W4RSQ==
  dependencies:
    "@types/node" "*"

"@types/node@*", "@types/node@^12.11.2":
  version "12.11.2"
  resolved "https://registry.yarnpkg.com/@types/node/-/node-12.11.2.tgz#75ba3beda30d690b89a5089ca1c6e8e386150b76"
  integrity sha512-dsfE4BHJkLQW+reOS6b17xhZ/6FB1rB8eRRvO08nn5o+voxf3i74tuyFWNH6djdfgX7Sm5s6LD8t6mJug4dpDw==

"@types/ramda@^0.26.33":
  version "0.26.33"
  resolved "https://registry.yarnpkg.com/@types/ramda/-/ramda-0.26.33.tgz#5fd1f22381ccf913a3627beb16f468fb57f82d94"
  integrity sha512-sUCQmKfAWmlbb6PpFqvndbGgTf0bCcmHLJqMYw8ErVS0UoZTTiz952aFedJhV+JERiVH7poh33358c7p0AAN8A==
  dependencies:
    ts-toolbelt "^4.7.7"

node-fetch@^2.6.0:
  version "2.6.0"
  resolved "https://registry.yarnpkg.com/node-fetch/-/node-fetch-2.6.0.tgz#e633456386d4aa55863f676a7ab0daa8fdecb0fd"
  integrity sha512-8dG4H5ujfvFiqDmVu9fQ5bOHUC15JMjMY/Zumv26oOvvVJjM67KF8koCWIabKQ1GJIa9r2mMZscBq/TbdOcmNA==

ramda@^0.26.1:
  version "0.26.1"
  resolved "https://registry.yarnpkg.com/ramda/-/ramda-0.26.1.tgz#8d41351eb8111c55353617fc3bbffad8e4d35d06"
  integrity sha512-hLWjpy7EnsDBb0p+Z3B7rPi3GDeRG5ZtiI33kJhTt+ORCd38AbAIjB/9zRIUoeTbE/AVX5ZkU7m6bznsvrf8eQ==

ts-toolbelt@^4.7.7:
  version "4.8.22"
  resolved "https://registry.yarnpkg.com/ts-toolbelt/-/ts-toolbelt-4.8.22.tgz#d7f15a5d35594af629ca10ae890c1ededc10d662"
  integrity sha512-CQXoGSEOlNP0XQ1OsXVjLVzErc8LQBaAe6HHFLRpqdm0ZvZEd1q1noAle2J3DSc33LL+DaxwJzstps/AQGXH4Q==

typescript@^3.6.4:
  version "3.6.4"
  resolved "https://registry.yarnpkg.com/typescript/-/typescript-3.6.4.tgz#b18752bb3792bc1a0281335f7f6ebf1bbfc5b91d"
  integrity sha512-unoCll1+l+YK4i4F8f22TaNVPRHcD9PA3yCuZ8g5e0qGqlVlJ/8FSateOLLSagn+Yg5+ZwuPkL8LFUc0Jcvksg==
